
Microsoft Visual Studio Solution File, Format Version 12.00
# Visual Studio Version 17
VisualStudioVersion = 17.3.32929.385
MinimumVisualStudioVersion = 10.0.40219.1
Project("{FAE04EC0-301F-11D3-BF4B-00C04F79EFBC}") = "CapaVisual", "PEscritorio\CapaVisual.csproj", "{15E7BC33-2974-42CD-A186-2BC39631AAE1}"
EndProject
Project("{FAE04EC0-301F-11D3-BF4B-00C04F79EFBC}") = "CapaDatos", "CapaDatos\CapaDatos.csproj", "{7D2CA904-945E-4EAD-BD3E-50FBA2EE6514}"
EndProject
Project("{FAE04EC0-301F-11D3-BF4B-00C04F79EFBC}") = "CapaNegocio", "CapaNegocio\CapaNegocio.csproj", "{CC58F85A-A48E-49E8-AB7C-4BF5D9EF6B13}"
EndProject
Global
	GlobalSection(SolutionConfigurationPlatforms) = preSolution
		Debug|Any CPU = Debug|Any CPU
		Release|Any CPU = Release|Any CPU
	EndGlobalSection
	GlobalSection(ProjectConfigurationPlatforms) = postSolution
		{15E7BC33-2974-42CD-A186-2BC39631AAE1}.Debug|Any CPU.ActiveCfg = Debug|Any CPU
		{15E7BC33-2974-42CD-A186-2BC39631AAE1}.Debug|Any CPU.Build.0 = Debug|Any CPU
		{15E7BC33-2974-42CD-A186-2BC39631AAE1}.Release|Any CPU.ActiveCfg = Release|Any CPU
		{15E7BC33-2974-42CD-A186-2BC39631AAE1}.Release|Any CPU.Build.0 = Release|Any CPU
		{7D2CA904-945E-4EAD-BD3E-50FBA2EE6514}.Debug|Any CPU.ActiveCfg = Debug|Any CPU
		{7D2CA904-945E-4EAD-BD3E-50FBA2EE6514}.Debug|Any CPU.Build.0 = Debug|Any CPU
		{7D2CA904-945E-4EAD-BD3E-50FBA2EE6514}.Release|Any CPU.ActiveCfg = Release|Any CPU
		{7D2CA904-945E-4EAD-BD3E-50FBA2EE6514}.Release|Any CPU.Build.0 = Release|Any CPU
		{CC58F85A-A48E-49E8-AB7C-4BF5D9EF6B13}.Debug|Any CPU.ActiveCfg = Debug|Any CPU
		{CC58F85A-A48E-49E8-AB7C-4BF5D9EF6B13}.Debug|Any CPU.Build.0 = Debug|Any CPU
		{CC58F85A-A48E-49E8-AB7C-4BF5D9EF6B13}.Release|Any CPU.ActiveCfg = Release|Any CPU
		{CC58F85A-A48E-49E8-AB7C-4BF5D9EF6B13}.Release|Any CPU.Build.0 = Release|Any CPU
	EndGlobalSection
	GlobalSection(SolutionProperties) = preSolution
		HideSolutionNode = FALSE
	EndGlobalSection
	GlobalSection(ExtensibilityGlobals) = postSolution
		SolutionGuid = {281177C3-FD2A-408F-B462-3BA10D328B36}
	EndGlobalSection
EndGlobal
